// !$*UTF8*$!
{
	archiveVersion = 1;
	classes = {
	};
	objectVersion = 56;
	objects = {

/* Begin PBXBuildFile section */
		6A64E1D38BE3DF674FDCA931 /* Pods_MeLiChallenge.framework in Frameworks */ = {isa = PBXBuildFile; fileRef = 6E37EF0674DE24F4EBEFF609 /* Pods_MeLiChallenge.framework */; };
		CE32A1972BAA17D4001E8C8F /* Requests.swift in Sources */ = {isa = PBXBuildFile; fileRef = CE32A1962BAA17D4001E8C8F /* Requests.swift */; };
		CE32A1992BAA198C001E8C8F /* NetworkRequest.swift in Sources */ = {isa = PBXBuildFile; fileRef = CE32A1982BAA198C001E8C8F /* NetworkRequest.swift */; };
		CE32A19C2BAA19FE001E8C8F /* Items+Request.swift in Sources */ = {isa = PBXBuildFile; fileRef = CE32A19B2BAA19FE001E8C8F /* Items+Request.swift */; };
		CE32A19E2BAA2108001E8C8F /* User.swift in Sources */ = {isa = PBXBuildFile; fileRef = CE32A19D2BAA2108001E8C8F /* User.swift */; };
		CE32A1A12BAA22AC001E8C8F /* AppError.swift in Sources */ = {isa = PBXBuildFile; fileRef = CE32A1A02BAA22AC001E8C8F /* AppError.swift */; };
		CE32A1A42BAA268E001E8C8F /* Dictionary+ClearNulls.swift in Sources */ = {isa = PBXBuildFile; fileRef = CE32A1A32BAA268E001E8C8F /* Dictionary+ClearNulls.swift */; };
		CE32A1A72BAA34CF001E8C8F /* GetItemsResponse.swift in Sources */ = {isa = PBXBuildFile; fileRef = CE32A1A62BAA34CF001E8C8F /* GetItemsResponse.swift */; };
		CE32A1A92BAA38F3001E8C8F /* MeLiItem.swift in Sources */ = {isa = PBXBuildFile; fileRef = CE32A1A82BAA38F3001E8C8F /* MeLiItem.swift */; };
		CE32A1AD2BAA46A3001E8C8F /* BaseViewController.swift in Sources */ = {isa = PBXBuildFile; fileRef = CE32A1AC2BAA46A3001E8C8F /* BaseViewController.swift */; };
		CE32A1B02BAA4780001E8C8F /* UIApplication+KeyWindow.swift in Sources */ = {isa = PBXBuildFile; fileRef = CE32A1AF2BAA4780001E8C8F /* UIApplication+KeyWindow.swift */; };
		CE3B1D422BAB7A3C0078967D /* MeLiCategory.swift in Sources */ = {isa = PBXBuildFile; fileRef = CE3B1D412BAB7A3C0078967D /* MeLiCategory.swift */; };
		CE3B1D442BAB7B5D0078967D /* Categories+Request.swift in Sources */ = {isa = PBXBuildFile; fileRef = CE3B1D432BAB7B5D0078967D /* Categories+Request.swift */; };
		CE3B1D472BAB7C8D0078967D /* Observable+Convenience.swift in Sources */ = {isa = PBXBuildFile; fileRef = CE3B1D462BAB7C8D0078967D /* Observable+Convenience.swift */; };
		CE3B1D4A2BAB7F2C0078967D /* CategoriesListViewController.swift in Sources */ = {isa = PBXBuildFile; fileRef = CE3B1D482BAB7F2C0078967D /* CategoriesListViewController.swift */; };
		CE3B1D4B2BAB7F2C0078967D /* CategoriesListViewController.xib in Resources */ = {isa = PBXBuildFile; fileRef = CE3B1D492BAB7F2C0078967D /* CategoriesListViewController.xib */; };
		CE3B1D4F2BAB82850078967D /* CategoriesListViewModel.swift in Sources */ = {isa = PBXBuildFile; fileRef = CE3B1D4E2BAB82850078967D /* CategoriesListViewModel.swift */; };
		CE3B1D512BAB83620078967D /* LoadingRelay.swift in Sources */ = {isa = PBXBuildFile; fileRef = CE3B1D502BAB83620078967D /* LoadingRelay.swift */; };
		CE3B1D552BAB87010078967D /* CategoryItemTableViewCell.swift in Sources */ = {isa = PBXBuildFile; fileRef = CE3B1D532BAB87010078967D /* CategoryItemTableViewCell.swift */; };
		CE3B1D562BAB87010078967D /* CategoryItemTableViewCell.xib in Resources */ = {isa = PBXBuildFile; fileRef = CE3B1D542BAB87010078967D /* CategoryItemTableViewCell.xib */; };
		CE40C7EE2BAA139B009853C3 /* AppDelegate.swift in Sources */ = {isa = PBXBuildFile; fileRef = CE40C7ED2BAA139B009853C3 /* AppDelegate.swift */; };
		CE40C7F02BAA139B009853C3 /* SceneDelegate.swift in Sources */ = {isa = PBXBuildFile; fileRef = CE40C7EF2BAA139B009853C3 /* SceneDelegate.swift */; };
		CE40C7F72BAA139D009853C3 /* Assets.xcassets in Resources */ = {isa = PBXBuildFile; fileRef = CE40C7F62BAA139D009853C3 /* Assets.xcassets */; };
		CE40C7FA2BAA139D009853C3 /* LaunchScreen.storyboard in Resources */ = {isa = PBXBuildFile; fileRef = CE40C7F82BAA139D009853C3 /* LaunchScreen.storyboard */; };
		CE618ECC2BB0954600BA7A8D /* AmountFormatters.swift in Sources */ = {isa = PBXBuildFile; fileRef = CE618ECB2BB0954600BA7A8D /* AmountFormatters.swift */; };
		CE618ED12BB099C300BA7A8D /* ItemListCollectionViewCell.swift in Sources */ = {isa = PBXBuildFile; fileRef = CE618ECF2BB099C300BA7A8D /* ItemListCollectionViewCell.swift */; };
		CE618ED22BB099C300BA7A8D /* ItemListCollectionViewCell.xib in Resources */ = {isa = PBXBuildFile; fileRef = CE618ED02BB099C300BA7A8D /* ItemListCollectionViewCell.xib */; };
		CE618ED62BB0A0E300BA7A8D /* ItemDetailViewController.swift in Sources */ = {isa = PBXBuildFile; fileRef = CE618ED42BB0A0E300BA7A8D /* ItemDetailViewController.swift */; };
		CE618ED72BB0A0E300BA7A8D /* ItemDetailViewController.xib in Resources */ = {isa = PBXBuildFile; fileRef = CE618ED52BB0A0E300BA7A8D /* ItemDetailViewController.xib */; };
		CE618EDA2BB0AD6800BA7A8D /* ItemDetailViewModel.swift in Sources */ = {isa = PBXBuildFile; fileRef = CE618ED92BB0AD6800BA7A8D /* ItemDetailViewModel.swift */; };
		CE618EDC2BB0BAEE00BA7A8D /* BaseNavigationController.swift in Sources */ = {isa = PBXBuildFile; fileRef = CE618EDB2BB0BAEE00BA7A8D /* BaseNavigationController.swift */; };
		CE618EE02BB0C1A700BA7A8D /* ItemImageCollectionViewCell.swift in Sources */ = {isa = PBXBuildFile; fileRef = CE618EDE2BB0C1A700BA7A8D /* ItemImageCollectionViewCell.swift */; };
		CE618EE12BB0C1A700BA7A8D /* ItemImageCollectionViewCell.xib in Resources */ = {isa = PBXBuildFile; fileRef = CE618EDF2BB0C1A700BA7A8D /* ItemImageCollectionViewCell.xib */; };
		CE618EE32BB0CEF500BA7A8D /* Cosmos+Settings.swift in Sources */ = {isa = PBXBuildFile; fileRef = CE618EE22BB0CEF500BA7A8D /* Cosmos+Settings.swift */; };
		CE618EE72BB0D3E600BA7A8D /* ItemsFilterViewController.swift in Sources */ = {isa = PBXBuildFile; fileRef = CE618EE52BB0D3E600BA7A8D /* ItemsFilterViewController.swift */; };
		CE618EE82BB0D3E600BA7A8D /* ItemsFilterViewController.xib in Resources */ = {isa = PBXBuildFile; fileRef = CE618EE62BB0D3E600BA7A8D /* ItemsFilterViewController.xib */; };
		CE618EF12BB0DD2B00BA7A8D /* BaseView.swift in Sources */ = {isa = PBXBuildFile; fileRef = CE618EF02BB0DD2B00BA7A8D /* BaseView.swift */; };
		CE618EF32BB0DD4A00BA7A8D /* FilterHeaderView.swift in Sources */ = {isa = PBXBuildFile; fileRef = CE618EF22BB0DD4A00BA7A8D /* FilterHeaderView.swift */; };
		CE618EF52BB0DDA200BA7A8D /* FilterHeaderView.xib in Resources */ = {isa = PBXBuildFile; fileRef = CE618EF42BB0DDA200BA7A8D /* FilterHeaderView.xib */; };
		CE618EF92BB0DE0F00BA7A8D /* ItemsFilterViewModel.swift in Sources */ = {isa = PBXBuildFile; fileRef = CE618EF82BB0DE0F00BA7A8D /* ItemsFilterViewModel.swift */; };
		CE618EFC2BB0E0EC00BA7A8D /* FilterValueTableViewCell.swift in Sources */ = {isa = PBXBuildFile; fileRef = CE618EFA2BB0E0EC00BA7A8D /* FilterValueTableViewCell.swift */; };
		CE618EFD2BB0E0EC00BA7A8D /* FilterValueTableViewCell.xib in Resources */ = {isa = PBXBuildFile; fileRef = CE618EFB2BB0E0EC00BA7A8D /* FilterValueTableViewCell.xib */; };
		CE618EFF2BB0E5A300BA7A8D /* ProgressHUD.swift in Sources */ = {isa = PBXBuildFile; fileRef = CE618EFE2BB0E5A300BA7A8D /* ProgressHUD.swift */; };
		CED1F05C2BAB9CB700A1EC75 /* ItemsListViewController.swift in Sources */ = {isa = PBXBuildFile; fileRef = CED1F05A2BAB9CB700A1EC75 /* ItemsListViewController.swift */; };
		CED1F05D2BAB9CB700A1EC75 /* ItemsListViewController.xib in Resources */ = {isa = PBXBuildFile; fileRef = CED1F05B2BAB9CB700A1EC75 /* ItemsListViewController.xib */; };
		CED1F0602BAB9CC200A1EC75 /* ItemsListViewModel.swift in Sources */ = {isa = PBXBuildFile; fileRef = CED1F05F2BAB9CC200A1EC75 /* ItemsListViewModel.swift */; };
		CEE21B292BACB32300086C57 /* ItemListGridCollectionViewCell.swift in Sources */ = {isa = PBXBuildFile; fileRef = CEE21B272BACB32300086C57 /* ItemListGridCollectionViewCell.swift */; };
		CEE21B2A2BACB32300086C57 /* ItemListGridCollectionViewCell.xib in Resources */ = {isa = PBXBuildFile; fileRef = CEE21B282BACB32300086C57 /* ItemListGridCollectionViewCell.xib */; };
		CEE21B2D2BACB74600086C57 /* Kingfisher+GetImage.swift in Sources */ = {isa = PBXBuildFile; fileRef = CEE21B2C2BACB74600086C57 /* Kingfisher+GetImage.swift */; };
/* End PBXBuildFile section */

/* Begin PBXFileReference section */
		6E37EF0674DE24F4EBEFF609 /* Pods_MeLiChallenge.framework */ = {isa = PBXFileReference; explicitFileType = wrapper.framework; includeInIndex = 0; path = Pods_MeLiChallenge.framework; sourceTree = BUILT_PRODUCTS_DIR; };
		7992DDF1E12146F615FE13D6 /* Pods-MeLiChallenge.release.xcconfig */ = {isa = PBXFileReference; includeInIndex = 1; lastKnownFileType = text.xcconfig; name = "Pods-MeLiChallenge.release.xcconfig"; path = "Target Support Files/Pods-MeLiChallenge/Pods-MeLiChallenge.release.xcconfig"; sourceTree = "<group>"; };
		C32E66A3114244D50C7BA3FF /* Pods-MeLiChallenge.debug.xcconfig */ = {isa = PBXFileReference; includeInIndex = 1; lastKnownFileType = text.xcconfig; name = "Pods-MeLiChallenge.debug.xcconfig"; path = "Target Support Files/Pods-MeLiChallenge/Pods-MeLiChallenge.debug.xcconfig"; sourceTree = "<group>"; };
		CE32A1962BAA17D4001E8C8F /* Requests.swift */ = {isa = PBXFileReference; lastKnownFileType = sourcecode.swift; path = Requests.swift; sourceTree = "<group>"; };
		CE32A1982BAA198C001E8C8F /* NetworkRequest.swift */ = {isa = PBXFileReference; lastKnownFileType = sourcecode.swift; path = NetworkRequest.swift; sourceTree = "<group>"; };
		CE32A19B2BAA19FE001E8C8F /* Items+Request.swift */ = {isa = PBXFileReference; lastKnownFileType = sourcecode.swift; path = "Items+Request.swift"; sourceTree = "<group>"; };
		CE32A19D2BAA2108001E8C8F /* User.swift */ = {isa = PBXFileReference; lastKnownFileType = sourcecode.swift; path = User.swift; sourceTree = "<group>"; };
		CE32A1A02BAA22AC001E8C8F /* AppError.swift */ = {isa = PBXFileReference; lastKnownFileType = sourcecode.swift; path = AppError.swift; sourceTree = "<group>"; };
		CE32A1A32BAA268E001E8C8F /* Dictionary+ClearNulls.swift */ = {isa = PBXFileReference; lastKnownFileType = sourcecode.swift; path = "Dictionary+ClearNulls.swift"; sourceTree = "<group>"; };
		CE32A1A62BAA34CF001E8C8F /* GetItemsResponse.swift */ = {isa = PBXFileReference; lastKnownFileType = sourcecode.swift; path = GetItemsResponse.swift; sourceTree = "<group>"; };
		CE32A1A82BAA38F3001E8C8F /* MeLiItem.swift */ = {isa = PBXFileReference; lastKnownFileType = sourcecode.swift; path = MeLiItem.swift; sourceTree = "<group>"; };
		CE32A1AC2BAA46A3001E8C8F /* BaseViewController.swift */ = {isa = PBXFileReference; lastKnownFileType = sourcecode.swift; path = BaseViewController.swift; sourceTree = "<group>"; };
		CE32A1AF2BAA4780001E8C8F /* UIApplication+KeyWindow.swift */ = {isa = PBXFileReference; lastKnownFileType = sourcecode.swift; path = "UIApplication+KeyWindow.swift"; sourceTree = "<group>"; };
		CE3B1D412BAB7A3C0078967D /* MeLiCategory.swift */ = {isa = PBXFileReference; lastKnownFileType = sourcecode.swift; path = MeLiCategory.swift; sourceTree = "<group>"; };
		CE3B1D432BAB7B5D0078967D /* Categories+Request.swift */ = {isa = PBXFileReference; lastKnownFileType = sourcecode.swift; path = "Categories+Request.swift"; sourceTree = "<group>"; };
		CE3B1D462BAB7C8D0078967D /* Observable+Convenience.swift */ = {isa = PBXFileReference; lastKnownFileType = sourcecode.swift; path = "Observable+Convenience.swift"; sourceTree = "<group>"; };
		CE3B1D482BAB7F2C0078967D /* CategoriesListViewController.swift */ = {isa = PBXFileReference; lastKnownFileType = sourcecode.swift; path = CategoriesListViewController.swift; sourceTree = "<group>"; };
		CE3B1D492BAB7F2C0078967D /* CategoriesListViewController.xib */ = {isa = PBXFileReference; lastKnownFileType = file.xib; path = CategoriesListViewController.xib; sourceTree = "<group>"; };
		CE3B1D4E2BAB82850078967D /* CategoriesListViewModel.swift */ = {isa = PBXFileReference; lastKnownFileType = sourcecode.swift; path = CategoriesListViewModel.swift; sourceTree = "<group>"; };
		CE3B1D502BAB83620078967D /* LoadingRelay.swift */ = {isa = PBXFileReference; lastKnownFileType = sourcecode.swift; path = LoadingRelay.swift; sourceTree = "<group>"; };
		CE3B1D532BAB87010078967D /* CategoryItemTableViewCell.swift */ = {isa = PBXFileReference; lastKnownFileType = sourcecode.swift; path = CategoryItemTableViewCell.swift; sourceTree = "<group>"; };
		CE3B1D542BAB87010078967D /* CategoryItemTableViewCell.xib */ = {isa = PBXFileReference; lastKnownFileType = file.xib; path = CategoryItemTableViewCell.xib; sourceTree = "<group>"; };
		CE40C7EA2BAA139B009853C3 /* MeLiChallenge.app */ = {isa = PBXFileReference; explicitFileType = wrapper.application; includeInIndex = 0; path = MeLiChallenge.app; sourceTree = BUILT_PRODUCTS_DIR; };
		CE40C7ED2BAA139B009853C3 /* AppDelegate.swift */ = {isa = PBXFileReference; lastKnownFileType = sourcecode.swift; path = AppDelegate.swift; sourceTree = "<group>"; };
		CE40C7EF2BAA139B009853C3 /* SceneDelegate.swift */ = {isa = PBXFileReference; lastKnownFileType = sourcecode.swift; path = SceneDelegate.swift; sourceTree = "<group>"; };
		CE40C7F62BAA139D009853C3 /* Assets.xcassets */ = {isa = PBXFileReference; lastKnownFileType = folder.assetcatalog; path = Assets.xcassets; sourceTree = "<group>"; };
		CE40C7F92BAA139D009853C3 /* Base */ = {isa = PBXFileReference; lastKnownFileType = file.storyboard; name = Base; path = Base.lproj/LaunchScreen.storyboard; sourceTree = "<group>"; };
		CE40C7FB2BAA139D009853C3 /* Info.plist */ = {isa = PBXFileReference; lastKnownFileType = text.plist.xml; path = Info.plist; sourceTree = "<group>"; };
		CE618ECB2BB0954600BA7A8D /* AmountFormatters.swift */ = {isa = PBXFileReference; lastKnownFileType = sourcecode.swift; path = AmountFormatters.swift; sourceTree = "<group>"; };
		CE618ECF2BB099C300BA7A8D /* ItemListCollectionViewCell.swift */ = {isa = PBXFileReference; lastKnownFileType = sourcecode.swift; path = ItemListCollectionViewCell.swift; sourceTree = "<group>"; };
		CE618ED02BB099C300BA7A8D /* ItemListCollectionViewCell.xib */ = {isa = PBXFileReference; lastKnownFileType = file.xib; path = ItemListCollectionViewCell.xib; sourceTree = "<group>"; };
		CE618ED42BB0A0E300BA7A8D /* ItemDetailViewController.swift */ = {isa = PBXFileReference; lastKnownFileType = sourcecode.swift; path = ItemDetailViewController.swift; sourceTree = "<group>"; };
		CE618ED52BB0A0E300BA7A8D /* ItemDetailViewController.xib */ = {isa = PBXFileReference; lastKnownFileType = file.xib; path = ItemDetailViewController.xib; sourceTree = "<group>"; };
		CE618ED92BB0AD6800BA7A8D /* ItemDetailViewModel.swift */ = {isa = PBXFileReference; lastKnownFileType = sourcecode.swift; path = ItemDetailViewModel.swift; sourceTree = "<group>"; };
		CE618EDB2BB0BAEE00BA7A8D /* BaseNavigationController.swift */ = {isa = PBXFileReference; lastKnownFileType = sourcecode.swift; path = BaseNavigationController.swift; sourceTree = "<group>"; };
		CE618EDE2BB0C1A700BA7A8D /* ItemImageCollectionViewCell.swift */ = {isa = PBXFileReference; lastKnownFileType = sourcecode.swift; path = ItemImageCollectionViewCell.swift; sourceTree = "<group>"; };
		CE618EDF2BB0C1A700BA7A8D /* ItemImageCollectionViewCell.xib */ = {isa = PBXFileReference; lastKnownFileType = file.xib; path = ItemImageCollectionViewCell.xib; sourceTree = "<group>"; };
		CE618EE22BB0CEF500BA7A8D /* Cosmos+Settings.swift */ = {isa = PBXFileReference; lastKnownFileType = sourcecode.swift; path = "Cosmos+Settings.swift"; sourceTree = "<group>"; };
		CE618EE52BB0D3E600BA7A8D /* ItemsFilterViewController.swift */ = {isa = PBXFileReference; lastKnownFileType = sourcecode.swift; path = ItemsFilterViewController.swift; sourceTree = "<group>"; };
		CE618EE62BB0D3E600BA7A8D /* ItemsFilterViewController.xib */ = {isa = PBXFileReference; lastKnownFileType = file.xib; path = ItemsFilterViewController.xib; sourceTree = "<group>"; };
		CE618EF02BB0DD2B00BA7A8D /* BaseView.swift */ = {isa = PBXFileReference; lastKnownFileType = sourcecode.swift; path = BaseView.swift; sourceTree = "<group>"; };
		CE618EF22BB0DD4A00BA7A8D /* FilterHeaderView.swift */ = {isa = PBXFileReference; lastKnownFileType = sourcecode.swift; path = FilterHeaderView.swift; sourceTree = "<group>"; };
		CE618EF42BB0DDA200BA7A8D /* FilterHeaderView.xib */ = {isa = PBXFileReference; lastKnownFileType = file.xib; path = FilterHeaderView.xib; sourceTree = "<group>"; };
		CE618EF82BB0DE0F00BA7A8D /* ItemsFilterViewModel.swift */ = {isa = PBXFileReference; lastKnownFileType = sourcecode.swift; path = ItemsFilterViewModel.swift; sourceTree = "<group>"; };
		CE618EFA2BB0E0EC00BA7A8D /* FilterValueTableViewCell.swift */ = {isa = PBXFileReference; lastKnownFileType = sourcecode.swift; path = FilterValueTableViewCell.swift; sourceTree = "<group>"; };
		CE618EFB2BB0E0EC00BA7A8D /* FilterValueTableViewCell.xib */ = {isa = PBXFileReference; lastKnownFileType = file.xib; path = FilterValueTableViewCell.xib; sourceTree = "<group>"; };
		CE618EFE2BB0E5A300BA7A8D /* ProgressHUD.swift */ = {isa = PBXFileReference; lastKnownFileType = sourcecode.swift; path = ProgressHUD.swift; sourceTree = "<group>"; };
		CED1F05A2BAB9CB700A1EC75 /* ItemsListViewController.swift */ = {isa = PBXFileReference; lastKnownFileType = sourcecode.swift; path = ItemsListViewController.swift; sourceTree = "<group>"; };
		CED1F05B2BAB9CB700A1EC75 /* ItemsListViewController.xib */ = {isa = PBXFileReference; lastKnownFileType = file.xib; path = ItemsListViewController.xib; sourceTree = "<group>"; };
		CED1F05F2BAB9CC200A1EC75 /* ItemsListViewModel.swift */ = {isa = PBXFileReference; lastKnownFileType = sourcecode.swift; path = ItemsListViewModel.swift; sourceTree = "<group>"; };
		CEE21B272BACB32300086C57 /* ItemListGridCollectionViewCell.swift */ = {isa = PBXFileReference; lastKnownFileType = sourcecode.swift; path = ItemListGridCollectionViewCell.swift; sourceTree = "<group>"; };
		CEE21B282BACB32300086C57 /* ItemListGridCollectionViewCell.xib */ = {isa = PBXFileReference; lastKnownFileType = file.xib; path = ItemListGridCollectionViewCell.xib; sourceTree = "<group>"; };
		CEE21B2C2BACB74600086C57 /* Kingfisher+GetImage.swift */ = {isa = PBXFileReference; lastKnownFileType = sourcecode.swift; path = "Kingfisher+GetImage.swift"; sourceTree = "<group>"; };
/* End PBXFileReference section */

/* Begin PBXFrameworksBuildPhase section */
		CE40C7E72BAA139B009853C3 /* Frameworks */ = {
			isa = PBXFrameworksBuildPhase;
			buildActionMask = 2147483647;
			files = (
				6A64E1D38BE3DF674FDCA931 /* Pods_MeLiChallenge.framework in Frameworks */,
			);
			runOnlyForDeploymentPostprocessing = 0;
		};
/* End PBXFrameworksBuildPhase section */

/* Begin PBXGroup section */
		8E44BF40FBCE933176EA1D83 /* Frameworks */ = {
			isa = PBXGroup;
			children = (
				6E37EF0674DE24F4EBEFF609 /* Pods_MeLiChallenge.framework */,
			);
			name = Frameworks;
			sourceTree = "<group>";
		};
		CE32A1912BAA16F3001E8C8F /* Networking */ = {
			isa = PBXGroup;
			children = (
				CE32A1952BAA17C9001E8C8F /* Base */,
				CE32A19A2BAA19ED001E8C8F /* Requests */,
			);
			path = Networking;
			sourceTree = "<group>";
		};
		CE32A1922BAA1704001E8C8F /* Resources */ = {
			isa = PBXGroup;
			children = (
				CE32A1A22BAA2684001E8C8F /* Extensions */,
				CE32A19F2BAA22A3001E8C8F /* Classes */,
				CE40C7F62BAA139D009853C3 /* Assets.xcassets */,
			);
			path = Resources;
			sourceTree = "<group>";
		};
		CE32A1932BAA1709001E8C8F /* Models */ = {
			isa = PBXGroup;
			children = (
				CE32A19D2BAA2108001E8C8F /* User.swift */,
				CE32A1A62BAA34CF001E8C8F /* GetItemsResponse.swift */,
				CE32A1A82BAA38F3001E8C8F /* MeLiItem.swift */,
				CE3B1D412BAB7A3C0078967D /* MeLiCategory.swift */,
			);
			path = Models;
			sourceTree = "<group>";
		};
		CE32A1942BAA1719001E8C8F /* Application */ = {
			isa = PBXGroup;
			children = (
				CE32A1AA2BAA467A001E8C8F /* Categories List */,
				CE32A1A52BAA2BAB001E8C8F /* Items List */,
				CE618ED32BB0A0CA00BA7A8D /* Item Detail */,
				CE40C7ED2BAA139B009853C3 /* AppDelegate.swift */,
				CE40C7EF2BAA139B009853C3 /* SceneDelegate.swift */,
				CE40C7F82BAA139D009853C3 /* LaunchScreen.storyboard */,
			);
			path = Application;
			sourceTree = "<group>";
		};
		CE32A1952BAA17C9001E8C8F /* Base */ = {
			isa = PBXGroup;
			children = (
				CE32A1962BAA17D4001E8C8F /* Requests.swift */,
				CE32A1982BAA198C001E8C8F /* NetworkRequest.swift */,
			);
			path = Base;
			sourceTree = "<group>";
		};
		CE32A19A2BAA19ED001E8C8F /* Requests */ = {
			isa = PBXGroup;
			children = (
				CE32A19B2BAA19FE001E8C8F /* Items+Request.swift */,
				CE3B1D432BAB7B5D0078967D /* Categories+Request.swift */,
			);
			path = Requests;
			sourceTree = "<group>";
		};
		CE32A19F2BAA22A3001E8C8F /* Classes */ = {
			isa = PBXGroup;
			children = (
				CE32A1AB2BAA4699001E8C8F /* Base */,
				CE32A1A02BAA22AC001E8C8F /* AppError.swift */,
				CE3B1D502BAB83620078967D /* LoadingRelay.swift */,
				CE618ECB2BB0954600BA7A8D /* AmountFormatters.swift */,
			);
			path = Classes;
			sourceTree = "<group>";
		};
		CE32A1A22BAA2684001E8C8F /* Extensions */ = {
			isa = PBXGroup;
			children = (
				CEE21B2B2BACB74000086C57 /* Pods */,
				CE3B1D452BAB7C7E0078967D /* Rx */,
				CE32A1AE2BAA4779001E8C8F /* UI */,
				CE32A1A32BAA268E001E8C8F /* Dictionary+ClearNulls.swift */,
			);
			path = Extensions;
			sourceTree = "<group>";
		};
		CE32A1A52BAA2BAB001E8C8F /* Items List */ = {
			isa = PBXGroup;
			children = (
				CE618EE42BB0D3C800BA7A8D /* Filters */,
				CEE21B262BACB2D400086C57 /* Cells */,
				CED1F05E2BAB9CBC00A1EC75 /* View Model */,
				CED1F05A2BAB9CB700A1EC75 /* ItemsListViewController.swift */,
				CED1F05B2BAB9CB700A1EC75 /* ItemsListViewController.xib */,
			);
			path = "Items List";
			sourceTree = "<group>";
		};
		CE32A1AA2BAA467A001E8C8F /* Categories List */ = {
			isa = PBXGroup;
			children = (
				CE3B1D522BAB86EA0078967D /* Cell */,
				CE3B1D4C2BAB7FAE0078967D /* View Model */,
				CE3B1D482BAB7F2C0078967D /* CategoriesListViewController.swift */,
				CE3B1D492BAB7F2C0078967D /* CategoriesListViewController.xib */,
			);
			path = "Categories List";
			sourceTree = "<group>";
		};
		CE32A1AB2BAA4699001E8C8F /* Base */ = {
			isa = PBXGroup;
			children = (
				CE32A1AC2BAA46A3001E8C8F /* BaseViewController.swift */,
				CE618EDB2BB0BAEE00BA7A8D /* BaseNavigationController.swift */,
				CE618EF02BB0DD2B00BA7A8D /* BaseView.swift */,
			);
			path = Base;
			sourceTree = "<group>";
		};
		CE32A1AE2BAA4779001E8C8F /* UI */ = {
			isa = PBXGroup;
			children = (
				CE32A1AF2BAA4780001E8C8F /* UIApplication+KeyWindow.swift */,
			);
			path = UI;
			sourceTree = "<group>";
		};
		CE3B1D452BAB7C7E0078967D /* Rx */ = {
			isa = PBXGroup;
			children = (
				CE3B1D462BAB7C8D0078967D /* Observable+Convenience.swift */,
			);
			path = Rx;
			sourceTree = "<group>";
		};
		CE3B1D4C2BAB7FAE0078967D /* View Model */ = {
			isa = PBXGroup;
			children = (
				CE3B1D4E2BAB82850078967D /* CategoriesListViewModel.swift */,
			);
			path = "View Model";
			sourceTree = "<group>";
		};
		CE3B1D522BAB86EA0078967D /* Cell */ = {
			isa = PBXGroup;
			children = (
				CE3B1D532BAB87010078967D /* CategoryItemTableViewCell.swift */,
				CE3B1D542BAB87010078967D /* CategoryItemTableViewCell.xib */,
			);
			path = Cell;
			sourceTree = "<group>";
		};
		CE40C7E12BAA139A009853C3 = {
			isa = PBXGroup;
			children = (
				CE40C7EC2BAA139B009853C3 /* MeLiChallenge */,
				CE40C7EB2BAA139B009853C3 /* Products */,
				F363B85DC95E8EFBB8549E1D /* Pods */,
				8E44BF40FBCE933176EA1D83 /* Frameworks */,
			);
			sourceTree = "<group>";
		};
		CE40C7EB2BAA139B009853C3 /* Products */ = {
			isa = PBXGroup;
			children = (
				CE40C7EA2BAA139B009853C3 /* MeLiChallenge.app */,
			);
			name = Products;
			sourceTree = "<group>";
		};
		CE40C7EC2BAA139B009853C3 /* MeLiChallenge */ = {
			isa = PBXGroup;
			children = (
				CE32A1922BAA1704001E8C8F /* Resources */,
				CE32A1912BAA16F3001E8C8F /* Networking */,
				CE32A1932BAA1709001E8C8F /* Models */,
				CE32A1942BAA1719001E8C8F /* Application */,
				CE40C7FB2BAA139D009853C3 /* Info.plist */,
			);
			path = MeLiChallenge;
			sourceTree = "<group>";
		};
		CE618ECD2BB0999600BA7A8D /* Grid */ = {
			isa = PBXGroup;
			children = (
				CEE21B272BACB32300086C57 /* ItemListGridCollectionViewCell.swift */,
				CEE21B282BACB32300086C57 /* ItemListGridCollectionViewCell.xib */,
			);
			path = Grid;
			sourceTree = "<group>";
		};
		CE618ECE2BB099A400BA7A8D /* List */ = {
			isa = PBXGroup;
			children = (
				CE618ECF2BB099C300BA7A8D /* ItemListCollectionViewCell.swift */,
				CE618ED02BB099C300BA7A8D /* ItemListCollectionViewCell.xib */,
			);
			path = List;
			sourceTree = "<group>";
		};
		CE618ED32BB0A0CA00BA7A8D /* Item Detail */ = {
			isa = PBXGroup;
			children = (
				CE618EDD2BB0C18400BA7A8D /* Images Cell */,
				CE618ED82BB0AD6200BA7A8D /* View Model */,
				CE618ED42BB0A0E300BA7A8D /* ItemDetailViewController.swift */,
				CE618ED52BB0A0E300BA7A8D /* ItemDetailViewController.xib */,
			);
			path = "Item Detail";
			sourceTree = "<group>";
		};
		CE618ED82BB0AD6200BA7A8D /* View Model */ = {
			isa = PBXGroup;
			children = (
				CE618ED92BB0AD6800BA7A8D /* ItemDetailViewModel.swift */,
			);
			path = "View Model";
			sourceTree = "<group>";
		};
		CE618EDD2BB0C18400BA7A8D /* Images Cell */ = {
			isa = PBXGroup;
			children = (
				CE618EDE2BB0C1A700BA7A8D /* ItemImageCollectionViewCell.swift */,
				CE618EDF2BB0C1A700BA7A8D /* ItemImageCollectionViewCell.xib */,
			);
			path = "Images Cell";
			sourceTree = "<group>";
		};
		CE618EE42BB0D3C800BA7A8D /* Filters */ = {
			isa = PBXGroup;
			children = (
				CE618EF72BB0DE0300BA7A8D /* Cells */,
				CE618EF62BB0DDFE00BA7A8D /* View Model */,
				CE618EE52BB0D3E600BA7A8D /* ItemsFilterViewController.swift */,
				CE618EE62BB0D3E600BA7A8D /* ItemsFilterViewController.xib */,
			);
			path = Filters;
			sourceTree = "<group>";
		};
		CE618EEE2BB0DCCB00BA7A8D /* Filter Header */ = {
			isa = PBXGroup;
			children = (
				CE618EF22BB0DD4A00BA7A8D /* FilterHeaderView.swift */,
				CE618EF42BB0DDA200BA7A8D /* FilterHeaderView.xib */,
			);
			path = "Filter Header";
			sourceTree = "<group>";
		};
		CE618EEF2BB0DCD200BA7A8D /* Filter Cell */ = {
			isa = PBXGroup;
			children = (
				CE618EFA2BB0E0EC00BA7A8D /* FilterValueTableViewCell.swift */,
				CE618EFB2BB0E0EC00BA7A8D /* FilterValueTableViewCell.xib */,
			);
			path = "Filter Cell";
			sourceTree = "<group>";
		};
		CE618EF62BB0DDFE00BA7A8D /* View Model */ = {
			isa = PBXGroup;
			children = (
				CE618EF82BB0DE0F00BA7A8D /* ItemsFilterViewModel.swift */,
			);
			path = "View Model";
			sourceTree = "<group>";
		};
		CE618EF72BB0DE0300BA7A8D /* Cells */ = {
			isa = PBXGroup;
			children = (
				CE618EEE2BB0DCCB00BA7A8D /* Filter Header */,
				CE618EEF2BB0DCD200BA7A8D /* Filter Cell */,
			);
			path = Cells;
			sourceTree = "<group>";
		};
		CED1F05E2BAB9CBC00A1EC75 /* View Model */ = {
			isa = PBXGroup;
			children = (
				CED1F05F2BAB9CC200A1EC75 /* ItemsListViewModel.swift */,
			);
			path = "View Model";
			sourceTree = "<group>";
		};
		CEE21B262BACB2D400086C57 /* Cells */ = {
			isa = PBXGroup;
			children = (
				CE618ECE2BB099A400BA7A8D /* List */,
				CE618ECD2BB0999600BA7A8D /* Grid */,
			);
			path = Cells;
			sourceTree = "<group>";
		};
		CEE21B2B2BACB74000086C57 /* Pods */ = {
			isa = PBXGroup;
			children = (
				CEE21B2C2BACB74600086C57 /* Kingfisher+GetImage.swift */,
				CE618EE22BB0CEF500BA7A8D /* Cosmos+Settings.swift */,
				CE618EFE2BB0E5A300BA7A8D /* ProgressHUD.swift */,
			);
			path = Pods;
			sourceTree = "<group>";
		};
		F363B85DC95E8EFBB8549E1D /* Pods */ = {
			isa = PBXGroup;
			children = (
				C32E66A3114244D50C7BA3FF /* Pods-MeLiChallenge.debug.xcconfig */,
				7992DDF1E12146F615FE13D6 /* Pods-MeLiChallenge.release.xcconfig */,
			);
			path = Pods;
			sourceTree = "<group>";
		};
/* End PBXGroup section */

/* Begin PBXNativeTarget section */
		CE40C7E92BAA139B009853C3 /* MeLiChallenge */ = {
			isa = PBXNativeTarget;
			buildConfigurationList = CE40C7FE2BAA139D009853C3 /* Build configuration list for PBXNativeTarget "MeLiChallenge" */;
			buildPhases = (
				7678086E9D1C131EA88E85C6 /* [CP] Check Pods Manifest.lock */,
				CE40C7E62BAA139B009853C3 /* Sources */,
				CE40C7E72BAA139B009853C3 /* Frameworks */,
				CE40C7E82BAA139B009853C3 /* Resources */,
				D8ABB80939805540AF667291 /* [CP] Embed Pods Frameworks */,
			);
			buildRules = (
			);
			dependencies = (
			);
			name = MeLiChallenge;
			productName = MeLiChallenge;
			productReference = CE40C7EA2BAA139B009853C3 /* MeLiChallenge.app */;
			productType = "com.apple.product-type.application";
		};
/* End PBXNativeTarget section */

/* Begin PBXProject section */
		CE40C7E22BAA139A009853C3 /* Project object */ = {
			isa = PBXProject;
			attributes = {
				BuildIndependentTargetsInParallel = 1;
				LastSwiftUpdateCheck = 1520;
				LastUpgradeCheck = 1520;
				TargetAttributes = {
					CE40C7E92BAA139B009853C3 = {
						CreatedOnToolsVersion = 15.2;
					};
				};
			};
			buildConfigurationList = CE40C7E52BAA139A009853C3 /* Build configuration list for PBXProject "MeLiChallenge" */;
			compatibilityVersion = "Xcode 14.0";
			developmentRegion = en;
			hasScannedForEncodings = 0;
			knownRegions = (
				en,
				Base,
			);
			mainGroup = CE40C7E12BAA139A009853C3;
			productRefGroup = CE40C7EB2BAA139B009853C3 /* Products */;
			projectDirPath = "";
			projectRoot = "";
			targets = (
				CE40C7E92BAA139B009853C3 /* MeLiChallenge */,
			);
		};
/* End PBXProject section */

/* Begin PBXResourcesBuildPhase section */
		CE40C7E82BAA139B009853C3 /* Resources */ = {
			isa = PBXResourcesBuildPhase;
			buildActionMask = 2147483647;
			files = (
				CE3B1D4B2BAB7F2C0078967D /* CategoriesListViewController.xib in Resources */,
				CE618EE82BB0D3E600BA7A8D /* ItemsFilterViewController.xib in Resources */,
				CE618EE12BB0C1A700BA7A8D /* ItemImageCollectionViewCell.xib in Resources */,
				CEE21B2A2BACB32300086C57 /* ItemListGridCollectionViewCell.xib in Resources */,
				CE618EFD2BB0E0EC00BA7A8D /* FilterValueTableViewCell.xib in Resources */,
				CE40C7FA2BAA139D009853C3 /* LaunchScreen.storyboard in Resources */,
				CE40C7F72BAA139D009853C3 /* Assets.xcassets in Resources */,
				CED1F05D2BAB9CB700A1EC75 /* ItemsListViewController.xib in Resources */,
				CE3B1D562BAB87010078967D /* CategoryItemTableViewCell.xib in Resources */,
				CE618ED72BB0A0E300BA7A8D /* ItemDetailViewController.xib in Resources */,
				CE618ED22BB099C300BA7A8D /* ItemListCollectionViewCell.xib in Resources */,
				CE618EF52BB0DDA200BA7A8D /* FilterHeaderView.xib in Resources */,
			);
			runOnlyForDeploymentPostprocessing = 0;
		};
/* End PBXResourcesBuildPhase section */

/* Begin PBXShellScriptBuildPhase section */
		7678086E9D1C131EA88E85C6 /* [CP] Check Pods Manifest.lock */ = {
			isa = PBXShellScriptBuildPhase;
			buildActionMask = 2147483647;
			files = (
			);
			inputFileListPaths = (
			);
			inputPaths = (
				"${PODS_PODFILE_DIR_PATH}/Podfile.lock",
				"${PODS_ROOT}/Manifest.lock",
			);
			name = "[CP] Check Pods Manifest.lock";
			outputFileListPaths = (
			);
			outputPaths = (
				"$(DERIVED_FILE_DIR)/Pods-MeLiChallenge-checkManifestLockResult.txt",
			);
			runOnlyForDeploymentPostprocessing = 0;
			shellPath = /bin/sh;
			shellScript = "diff \"${PODS_PODFILE_DIR_PATH}/Podfile.lock\" \"${PODS_ROOT}/Manifest.lock\" > /dev/null\nif [ $? != 0 ] ; then\n    # print error to STDERR\n    echo \"error: The sandbox is not in sync with the Podfile.lock. Run 'pod install' or update your CocoaPods installation.\" >&2\n    exit 1\nfi\n# This output is used by Xcode 'outputs' to avoid re-running this script phase.\necho \"SUCCESS\" > \"${SCRIPT_OUTPUT_FILE_0}\"\n";
			showEnvVarsInLog = 0;
		};
		D8ABB80939805540AF667291 /* [CP] Embed Pods Frameworks */ = {
			isa = PBXShellScriptBuildPhase;
			buildActionMask = 2147483647;
			files = (
			);
			inputFileListPaths = (
				"${PODS_ROOT}/Target Support Files/Pods-MeLiChallenge/Pods-MeLiChallenge-frameworks-${CONFIGURATION}-input-files.xcfilelist",
			);
			name = "[CP] Embed Pods Frameworks";
			outputFileListPaths = (
				"${PODS_ROOT}/Target Support Files/Pods-MeLiChallenge/Pods-MeLiChallenge-frameworks-${CONFIGURATION}-output-files.xcfilelist",
			);
			runOnlyForDeploymentPostprocessing = 0;
			shellPath = /bin/sh;
			shellScript = "\"${PODS_ROOT}/Target Support Files/Pods-MeLiChallenge/Pods-MeLiChallenge-frameworks.sh\"\n";
			showEnvVarsInLog = 0;
		};
/* End PBXShellScriptBuildPhase section */

/* Begin PBXSourcesBuildPhase section */
		CE40C7E62BAA139B009853C3 /* Sources */ = {
			isa = PBXSourcesBuildPhase;
			buildActionMask = 2147483647;
			files = (
				CE3B1D512BAB83620078967D /* LoadingRelay.swift in Sources */,
				CE32A1A92BAA38F3001E8C8F /* MeLiItem.swift in Sources */,
				CEE21B292BACB32300086C57 /* ItemListGridCollectionViewCell.swift in Sources */,
				CE3B1D4A2BAB7F2C0078967D /* CategoriesListViewController.swift in Sources */,
				CE32A1A42BAA268E001E8C8F /* Dictionary+ClearNulls.swift in Sources */,
				CE32A1972BAA17D4001E8C8F /* Requests.swift in Sources */,
				CE618EE32BB0CEF500BA7A8D /* Cosmos+Settings.swift in Sources */,
				CE3B1D472BAB7C8D0078967D /* Observable+Convenience.swift in Sources */,
				CE40C7EE2BAA139B009853C3 /* AppDelegate.swift in Sources */,
				CE618EF12BB0DD2B00BA7A8D /* BaseView.swift in Sources */,
				CE618EDC2BB0BAEE00BA7A8D /* BaseNavigationController.swift in Sources */,
				CE32A1AD2BAA46A3001E8C8F /* BaseViewController.swift in Sources */,
				CE3B1D4F2BAB82850078967D /* CategoriesListViewModel.swift in Sources */,
				CE618ED62BB0A0E300BA7A8D /* ItemDetailViewController.swift in Sources */,
				CE618EE72BB0D3E600BA7A8D /* ItemsFilterViewController.swift in Sources */,
				CE3B1D422BAB7A3C0078967D /* MeLiCategory.swift in Sources */,
				CE32A1A72BAA34CF001E8C8F /* GetItemsResponse.swift in Sources */,
				CE618ECC2BB0954600BA7A8D /* AmountFormatters.swift in Sources */,
				CED1F0602BAB9CC200A1EC75 /* ItemsListViewModel.swift in Sources */,
				CE40C7F02BAA139B009853C3 /* SceneDelegate.swift in Sources */,
				CEE21B2D2BACB74600086C57 /* Kingfisher+GetImage.swift in Sources */,
				CE618EE02BB0C1A700BA7A8D /* ItemImageCollectionViewCell.swift in Sources */,
				CE3B1D442BAB7B5D0078967D /* Categories+Request.swift in Sources */,
				CE32A1B02BAA4780001E8C8F /* UIApplication+KeyWindow.swift in Sources */,
				CE32A1A12BAA22AC001E8C8F /* AppError.swift in Sources */,
				CE618ED12BB099C300BA7A8D /* ItemListCollectionViewCell.swift in Sources */,
				CE32A19C2BAA19FE001E8C8F /* Items+Request.swift in Sources */,
				CE618EFF2BB0E5A300BA7A8D /* ProgressHUD.swift in Sources */,
				CE618EDA2BB0AD6800BA7A8D /* ItemDetailViewModel.swift in Sources */,
				CE32A1992BAA198C001E8C8F /* NetworkRequest.swift in Sources */,
				CE618EF32BB0DD4A00BA7A8D /* FilterHeaderView.swift in Sources */,
				CE618EFC2BB0E0EC00BA7A8D /* FilterValueTableViewCell.swift in Sources */,
				CED1F05C2BAB9CB700A1EC75 /* ItemsListViewController.swift in Sources */,
				CE3B1D552BAB87010078967D /* CategoryItemTableViewCell.swift in Sources */,
				CE618EF92BB0DE0F00BA7A8D /* ItemsFilterViewModel.swift in Sources */,
				CE32A19E2BAA2108001E8C8F /* User.swift in Sources */,
			);
			runOnlyForDeploymentPostprocessing = 0;
		};
/* End PBXSourcesBuildPhase section */

/* Begin PBXVariantGroup section */
		CE40C7F82BAA139D009853C3 /* LaunchScreen.storyboard */ = {
			isa = PBXVariantGroup;
			children = (
				CE40C7F92BAA139D009853C3 /* Base */,
			);
			name = LaunchScreen.storyboard;
			sourceTree = "<group>";
		};
/* End PBXVariantGroup section */

/* Begin XCBuildConfiguration section */
		CE40C7FC2BAA139D009853C3 /* Debug */ = {
			isa = XCBuildConfiguration;
			buildSettings = {
				ALWAYS_SEARCH_USER_PATHS = NO;
				ASSETCATALOG_COMPILER_GENERATE_SWIFT_ASSET_SYMBOL_EXTENSIONS = YES;
				CLANG_ANALYZER_NONNULL = YES;
				CLANG_ANALYZER_NUMBER_OBJECT_CONVERSION = YES_AGGRESSIVE;
				CLANG_CXX_LANGUAGE_STANDARD = "gnu++20";
				CLANG_ENABLE_MODULES = YES;
				CLANG_ENABLE_OBJC_ARC = YES;
				CLANG_ENABLE_OBJC_WEAK = YES;
				CLANG_WARN_BLOCK_CAPTURE_AUTORELEASING = YES;
				CLANG_WARN_BOOL_CONVERSION = YES;
				CLANG_WARN_COMMA = YES;
				CLANG_WARN_CONSTANT_CONVERSION = YES;
				CLANG_WARN_DEPRECATED_OBJC_IMPLEMENTATIONS = YES;
				CLANG_WARN_DIRECT_OBJC_ISA_USAGE = YES_ERROR;
				CLANG_WARN_DOCUMENTATION_COMMENTS = YES;
				CLANG_WARN_EMPTY_BODY = YES;
				CLANG_WARN_ENUM_CONVERSION = YES;
				CLANG_WARN_INFINITE_RECURSION = YES;
				CLANG_WARN_INT_CONVERSION = YES;
				CLANG_WARN_NON_LITERAL_NULL_CONVERSION = YES;
				CLANG_WARN_OBJC_IMPLICIT_RETAIN_SELF = YES;
				CLANG_WARN_OBJC_LITERAL_CONVERSION = YES;
				CLANG_WARN_OBJC_ROOT_CLASS = YES_ERROR;
				CLANG_WARN_QUOTED_INCLUDE_IN_FRAMEWORK_HEADER = YES;
				CLANG_WARN_RANGE_LOOP_ANALYSIS = YES;
				CLANG_WARN_STRICT_PROTOTYPES = YES;
				CLANG_WARN_SUSPICIOUS_MOVE = YES;
				CLANG_WARN_UNGUARDED_AVAILABILITY = YES_AGGRESSIVE;
				CLANG_WARN_UNREACHABLE_CODE = YES;
				CLANG_WARN__DUPLICATE_METHOD_MATCH = YES;
				COPY_PHASE_STRIP = NO;
				DEBUG_INFORMATION_FORMAT = dwarf;
				ENABLE_STRICT_OBJC_MSGSEND = YES;
				ENABLE_TESTABILITY = YES;
				ENABLE_USER_SCRIPT_SANDBOXING = YES;
				GCC_C_LANGUAGE_STANDARD = gnu17;
				GCC_DYNAMIC_NO_PIC = NO;
				GCC_NO_COMMON_BLOCKS = YES;
				GCC_OPTIMIZATION_LEVEL = 0;
				GCC_PREPROCESSOR_DEFINITIONS = (
					"DEBUG=1",
					"$(inherited)",
				);
				GCC_WARN_64_TO_32_BIT_CONVERSION = YES;
				GCC_WARN_ABOUT_RETURN_TYPE = YES_ERROR;
				GCC_WARN_UNDECLARED_SELECTOR = YES;
				GCC_WARN_UNINITIALIZED_AUTOS = YES_AGGRESSIVE;
				GCC_WARN_UNUSED_FUNCTION = YES;
				GCC_WARN_UNUSED_VARIABLE = YES;
				IPHONEOS_DEPLOYMENT_TARGET = 17.2;
				LOCALIZATION_PREFERS_STRING_CATALOGS = YES;
				MTL_ENABLE_DEBUG_INFO = INCLUDE_SOURCE;
				MTL_FAST_MATH = YES;
				ONLY_ACTIVE_ARCH = YES;
				SDKROOT = iphoneos;
				SWIFT_ACTIVE_COMPILATION_CONDITIONS = "DEBUG $(inherited)";
				SWIFT_OPTIMIZATION_LEVEL = "-Onone";
			};
			name = Debug;
		};
		CE40C7FD2BAA139D009853C3 /* Release */ = {
			isa = XCBuildConfiguration;
			buildSettings = {
				ALWAYS_SEARCH_USER_PATHS = NO;
				ASSETCATALOG_COMPILER_GENERATE_SWIFT_ASSET_SYMBOL_EXTENSIONS = YES;
				CLANG_ANALYZER_NONNULL = YES;
				CLANG_ANALYZER_NUMBER_OBJECT_CONVERSION = YES_AGGRESSIVE;
				CLANG_CXX_LANGUAGE_STANDARD = "gnu++20";
				CLANG_ENABLE_MODULES = YES;
				CLANG_ENABLE_OBJC_ARC = YES;
				CLANG_ENABLE_OBJC_WEAK = YES;
				CLANG_WARN_BLOCK_CAPTURE_AUTORELEASING = YES;
				CLANG_WARN_BOOL_CONVERSION = YES;
				CLANG_WARN_COMMA = YES;
				CLANG_WARN_CONSTANT_CONVERSION = YES;
				CLANG_WARN_DEPRECATED_OBJC_IMPLEMENTATIONS = YES;
				CLANG_WARN_DIRECT_OBJC_ISA_USAGE = YES_ERROR;
				CLANG_WARN_DOCUMENTATION_COMMENTS = YES;
				CLANG_WARN_EMPTY_BODY = YES;
				CLANG_WARN_ENUM_CONVERSION = YES;
				CLANG_WARN_INFINITE_RECURSION = YES;
				CLANG_WARN_INT_CONVERSION = YES;
				CLANG_WARN_NON_LITERAL_NULL_CONVERSION = YES;
				CLANG_WARN_OBJC_IMPLICIT_RETAIN_SELF = YES;
				CLANG_WARN_OBJC_LITERAL_CONVERSION = YES;
				CLANG_WARN_OBJC_ROOT_CLASS = YES_ERROR;
				CLANG_WARN_QUOTED_INCLUDE_IN_FRAMEWORK_HEADER = YES;
				CLANG_WARN_RANGE_LOOP_ANALYSIS = YES;
				CLANG_WARN_STRICT_PROTOTYPES = YES;
				CLANG_WARN_SUSPICIOUS_MOVE = YES;
				CLANG_WARN_UNGUARDED_AVAILABILITY = YES_AGGRESSIVE;
				CLANG_WARN_UNREACHABLE_CODE = YES;
				CLANG_WARN__DUPLICATE_METHOD_MATCH = YES;
				COPY_PHASE_STRIP = NO;
				DEBUG_INFORMATION_FORMAT = "dwarf-with-dsym";
				ENABLE_NS_ASSERTIONS = NO;
				ENABLE_STRICT_OBJC_MSGSEND = YES;
				ENABLE_USER_SCRIPT_SANDBOXING = YES;
				GCC_C_LANGUAGE_STANDARD = gnu17;
				GCC_NO_COMMON_BLOCKS = YES;
				GCC_WARN_64_TO_32_BIT_CONVERSION = YES;
				GCC_WARN_ABOUT_RETURN_TYPE = YES_ERROR;
				GCC_WARN_UNDECLARED_SELECTOR = YES;
				GCC_WARN_UNINITIALIZED_AUTOS = YES_AGGRESSIVE;
				GCC_WARN_UNUSED_FUNCTION = YES;
				GCC_WARN_UNUSED_VARIABLE = YES;
				IPHONEOS_DEPLOYMENT_TARGET = 17.2;
				LOCALIZATION_PREFERS_STRING_CATALOGS = YES;
				MTL_ENABLE_DEBUG_INFO = NO;
				MTL_FAST_MATH = YES;
				SDKROOT = iphoneos;
				SWIFT_COMPILATION_MODE = wholemodule;
				VALIDATE_PRODUCT = YES;
			};
			name = Release;
		};
		CE40C7FF2BAA139D009853C3 /* Debug */ = {
			isa = XCBuildConfiguration;
			baseConfigurationReference = C32E66A3114244D50C7BA3FF /* Pods-MeLiChallenge.debug.xcconfig */;
			buildSettings = {
				ASSETCATALOG_COMPILER_APPICON_NAME = AppIcon;
				ASSETCATALOG_COMPILER_GLOBAL_ACCENT_COLOR_NAME = AccentColor;
				CODE_SIGN_STYLE = Automatic;
				CURRENT_PROJECT_VERSION = 1;
				ENABLE_USER_SCRIPT_SANDBOXING = NO;
				GENERATE_INFOPLIST_FILE = YES;
				INFOPLIST_FILE = MeLiChallenge/Info.plist;
				INFOPLIST_KEY_UIApplicationSupportsIndirectInputEvents = YES;
				INFOPLIST_KEY_UILaunchStoryboardName = LaunchScreen;
				INFOPLIST_KEY_UIMainStoryboardFile = "";
				INFOPLIST_KEY_UISupportedInterfaceOrientations_iPad = "UIInterfaceOrientationPortrait UIInterfaceOrientationPortraitUpsideDown UIInterfaceOrientationLandscapeLeft UIInterfaceOrientationLandscapeRight";
				INFOPLIST_KEY_UISupportedInterfaceOrientations_iPhone = "UIInterfaceOrientationPortrait UIInterfaceOrientationLandscapeLeft UIInterfaceOrientationLandscapeRight";
				LD_RUNPATH_SEARCH_PATHS = (
					"$(inherited)",
					"@executable_path/Frameworks",
				);
				MARKETING_VERSION = 1.0;
				PRODUCT_BUNDLE_IDENTIFIER = CaramesFranco.MeLiChallenge;
				PRODUCT_NAME = "$(TARGET_NAME)";
				SWIFT_EMIT_LOC_STRINGS = YES;
				SWIFT_VERSION = 5.0;
				TARGETED_DEVICE_FAMILY = "1,2";
			};
			name = Debug;
		};
		CE40C8002BAA139D009853C3 /* Release */ = {
			isa = XCBuildConfiguration;
			baseConfigurationReference = 7992DDF1E12146F615FE13D6 /* Pods-MeLiChallenge.release.xcconfig */;
			buildSettings = {
				ASSETCATALOG_COMPILER_APPICON_NAME = AppIcon;
				ASSETCATALOG_COMPILER_GLOBAL_ACCENT_COLOR_NAME = AccentColor;
				CODE_SIGN_STYLE = Automatic;
				CURRENT_PROJECT_VERSION = 1;
				ENABLE_USER_SCRIPT_SANDBOXING = NO;
				GENERATE_INFOPLIST_FILE = YES;
				INFOPLIST_FILE = MeLiChallenge/Info.plist;
				INFOPLIST_KEY_UIApplicationSupportsIndirectInputEvents = YES;
				INFOPLIST_KEY_UILaunchStoryboardName = LaunchScreen;
				INFOPLIST_KEY_UIMainStoryboardFile = "";
				INFOPLIST_KEY_UISupportedInterfaceOrientations_iPad = "UIInterfaceOrientationPortrait UIInterfaceOrientationPortraitUpsideDown UIInterfaceOrientationLandscapeLeft UIInterfaceOrientationLandscapeRight";
				INFOPLIST_KEY_UISupportedInterfaceOrientations_iPhone = "UIInterfaceOrientationPortrait UIInterfaceOrientationLandscapeLeft UIInterfaceOrientationLandscapeRight";
				LD_RUNPATH_SEARCH_PATHS = (
					"$(inherited)",
					"@executable_path/Frameworks",
				);
				MARKETING_VERSION = 1.0;
				PRODUCT_BUNDLE_IDENTIFIER = CaramesFranco.MeLiChallenge;
				PRODUCT_NAME = "$(TARGET_NAME)";
				SWIFT_EMIT_LOC_STRINGS = YES;
				SWIFT_VERSION = 5.0;
				TARGETED_DEVICE_FAMILY = "1,2";
			};
			name = Release;
		};
/* End XCBuildConfiguration section */

/* Begin XCConfigurationList section */
		CE40C7E52BAA139A009853C3 /* Build configuration list for PBXProject "MeLiChallenge" */ = {
			isa = XCConfigurationList;
			buildConfigurations = (
				CE40C7FC2BAA139D009853C3 /* Debug */,
				CE40C7FD2BAA139D009853C3 /* Release */,
			);
			defaultConfigurationIsVisible = 0;
			defaultConfigurationName = Release;
		};
		CE40C7FE2BAA139D009853C3 /* Build configuration list for PBXNativeTarget "MeLiChallenge" */ = {
			isa = XCConfigurationList;
			buildConfigurations = (
				CE40C7FF2BAA139D009853C3 /* Debug */,
				CE40C8002BAA139D009853C3 /* Release */,
			);
			defaultConfigurationIsVisible = 0;
			defaultConfigurationName = Release;
		};
/* End XCConfigurationList section */
	};
	rootObject = CE40C7E22BAA139A009853C3 /* Project object */;
}
